
Microsoft Visual Studio Solution File, Format Version 12.00
# Visual Studio 15
VisualStudioVersion = 15.0.27703.2042
MinimumVisualStudioVersion = 10.0.40219.1
Project("{8BC9CEB8-8B4A-11D0-8D11-00A0C91BC942}") = "BSTAddressBook", "BSTAddressBook\BSTAddressBook.vcxproj", "{B1A654F6-33E5-4099-8308-6EB37990D492}"
EndProject
Global
	GlobalSection(SolutionConfigurationPlatforms) = preSolution
		Debug|Win32 = Debug|Win32
		Release|Win32 = Release|Win32
	EndGlobalSection
	GlobalSection(ProjectConfigurationPlatforms) = postSolution
		{B1A654F6-33E5-4099-8308-6EB37990D492}.Debug|Win32.ActiveCfg = Debug|Win32
		{B1A654F6-33E5-4099-8308-6EB37990D492}.Debug|Win32.Build.0 = Debug|Win32
		{B1A654F6-33E5-4099-8308-6EB37990D492}.Release|Win32.ActiveCfg = Release|Win32
		{B1A654F6-33E5-4099-8308-6EB37990D492}.Release|Win32.Build.0 = Release|Win32
	EndGlobalSection
	GlobalSection(SolutionProperties) = preSolution
		HideSolutionNode = FALSE
	EndGlobalSection
	GlobalSection(ExtensibilityGlobals) = postSolution
		SolutionGuid = {B80B1DD9-9AE2-4261-AA62-9EF26A829FE6}
	EndGlobalSection
EndGlobal
